// !$*UTF8*$!
{
	archiveVersion = 1;
	classes = {
	};
	objectVersion = 56;
	objects = {

/* Begin PBXBuildFile section */
		920B4A372CD4AE0400FE3236 /* HomeScreenViewModelTests.swift in Sources */ = {isa = PBXBuildFile; fileRef = 920B4A362CD4AE0400FE3236 /* HomeScreenViewModelTests.swift */; };
		920B4A3F2CD4C87200FE3236 /* RawEngSampleUITests.swift in Sources */ = {isa = PBXBuildFile; fileRef = 920B4A3E2CD4C87200FE3236 /* RawEngSampleUITests.swift */; };
		920B4A412CD4C87200FE3236 /* RawEngSampleUITestsLaunchTests.swift in Sources */ = {isa = PBXBuildFile; fileRef = 920B4A402CD4C87200FE3236 /* RawEngSampleUITestsLaunchTests.swift */; };
		92195BDD2CCF8CC000A88C4E /* PastGameCardView.swift in Sources */ = {isa = PBXBuildFile; fileRef = 92195BDC2CCF8CC000A88C4E /* PastGameCardView.swift */; };
		92195BDF2CCF8D0400A88C4E /* GameCardView.swift in Sources */ = {isa = PBXBuildFile; fileRef = 92195BDE2CCF8D0400A88C4E /* GameCardView.swift */; };
		92204E7F2CD0F5D000A3E942 /* HomeScreenViewModel.swift in Sources */ = {isa = PBXBuildFile; fileRef = 92204E7E2CD0F5D000A3E942 /* HomeScreenViewModel.swift */; };
		92204E812CD0F63B00A3E942 /* ScheduleService.swift in Sources */ = {isa = PBXBuildFile; fileRef = 92204E802CD0F63B00A3E942 /* ScheduleService.swift */; };
		92204E832CD13DA900A3E942 /* Notification.swift in Sources */ = {isa = PBXBuildFile; fileRef = 92204E822CD13DA900A3E942 /* Notification.swift */; };
		922A481B2CCE1CFA004E3B02 /* GameCardCarouselViewModel.swift in Sources */ = {isa = PBXBuildFile; fileRef = 922A481A2CCE1CFA004E3B02 /* GameCardCarouselViewModel.swift */; };
		922A481E2CCE3ECA004E3B02 /* GameCardResponse.swift in Sources */ = {isa = PBXBuildFile; fileRef = 922A481D2CCE3ECA004E3B02 /* GameCardResponse.swift */; };
		922A48202CCEC0FA004E3B02 /* PromoCardView.swift in Sources */ = {isa = PBXBuildFile; fileRef = 922A481F2CCEC0FA004E3B02 /* PromoCardView.swift */; };
		92498E602CCA5180008DFF44 /* Team.swift in Sources */ = {isa = PBXBuildFile; fileRef = 92498E5F2CCA5180008DFF44 /* Team.swift */; };
		92498E622CCA78CE008DFF44 /* TestView.swift in Sources */ = {isa = PBXBuildFile; fileRef = 92498E612CCA78CE008DFF44 /* TestView.swift */; };
		92498E672CCB977A008DFF44 /* TeamsResponse.swift in Sources */ = {isa = PBXBuildFile; fileRef = 92498E662CCB977A008DFF44 /* TeamsResponse.swift */; };
		92498E692CCB978F008DFF44 /* TeamsData.swift in Sources */ = {isa = PBXBuildFile; fileRef = 92498E682CCB978F008DFF44 /* TeamsData.swift */; };
		92498E6B2CCB9882008DFF44 /* ScheduleViewModel.swift in Sources */ = {isa = PBXBuildFile; fileRef = 92498E6A2CCB9882008DFF44 /* ScheduleViewModel.swift */; };
		925C7B012CCA480200A0B426 /* RawEngSampleApp.swift in Sources */ = {isa = PBXBuildFile; fileRef = 925C7B002CCA480200A0B426 /* RawEngSampleApp.swift */; };
		925C7B032CCA480200A0B426 /* HomeScreen.swift in Sources */ = {isa = PBXBuildFile; fileRef = 925C7B022CCA480200A0B426 /* HomeScreen.swift */; };
		925C7B052CCA480400A0B426 /* Assets.xcassets in Resources */ = {isa = PBXBuildFile; fileRef = 925C7B042CCA480400A0B426 /* Assets.xcassets */; };
		925C7B082CCA480400A0B426 /* Preview Assets.xcassets in Resources */ = {isa = PBXBuildFile; fileRef = 925C7B072CCA480400A0B426 /* Preview Assets.xcassets */; };
		925C7B122CCA480500A0B426 /* RawEngSampleTests.swift in Sources */ = {isa = PBXBuildFile; fileRef = 925C7B112CCA480500A0B426 /* RawEngSampleTests.swift */; };
		925C7B302CCA499100A0B426 /* ScheduleData.swift in Sources */ = {isa = PBXBuildFile; fileRef = 925C7B2B2CCA499100A0B426 /* ScheduleData.swift */; };
		925C7B312CCA499100A0B426 /* Schedule.swift in Sources */ = {isa = PBXBuildFile; fileRef = 925C7B2C2CCA499100A0B426 /* Schedule.swift */; };
		925C7B322CCA499100A0B426 /* ScheduleResponse.swift in Sources */ = {isa = PBXBuildFile; fileRef = 925C7B2D2CCA499100A0B426 /* ScheduleResponse.swift */; };
		925C7B332CCA499100A0B426 /* V.swift in Sources */ = {isa = PBXBuildFile; fileRef = 925C7B2E2CCA499100A0B426 /* V.swift */; };
		925C7B342CCA499100A0B426 /* H.swift in Sources */ = {isa = PBXBuildFile; fileRef = 925C7B2F2CCA499100A0B426 /* H.swift */; };
		925C7B392CCA4A3A00A0B426 /* teams.json in Resources */ = {isa = PBXBuildFile; fileRef = 925C7B362CCA4A3A00A0B426 /* teams.json */; };
		925C7B3A2CCA4A3A00A0B426 /* Schedule.json in Resources */ = {isa = PBXBuildFile; fileRef = 925C7B372CCA4A3A00A0B426 /* Schedule.json */; };
		925C7B3B2CCA4A3A00A0B426 /* Game Card Data.json in Resources */ = {isa = PBXBuildFile; fileRef = 925C7B382CCA4A3A00A0B426 /* Game Card Data.json */; };
		9294D34D2CD2667000F317C0 /* NetworkManager.swift in Sources */ = {isa = PBXBuildFile; fileRef = 9294D34C2CD2667000F317C0 /* NetworkManager.swift */; };
		9294D34F2CD27A4200F317C0 /* ResizableAsyncImageViewModel.swift in Sources */ = {isa = PBXBuildFile; fileRef = 9294D34E2CD27A4200F317C0 /* ResizableAsyncImageViewModel.swift */; };
		9294D3512CD298BB00F317C0 /* NetworkManagerProtocol.swift in Sources */ = {isa = PBXBuildFile; fileRef = 9294D3502CD298BB00F317C0 /* NetworkManagerProtocol.swift */; };
		92C446E52CCCD6890071CD13 /* Array.swift in Sources */ = {isa = PBXBuildFile; fileRef = 92C446E42CCCD6890071CD13 /* Array.swift */; };
		92E819DA2CCBB8D0000C40FE /* FutureGameScheduleView.swift in Sources */ = {isa = PBXBuildFile; fileRef = 92E819D92CCBB8D0000C40FE /* FutureGameScheduleView.swift */; };
		92E819DC2CCBB8DF000C40FE /* LiveGameScheduleView.swift in Sources */ = {isa = PBXBuildFile; fileRef = 92E819DB2CCBB8DF000C40FE /* LiveGameScheduleView.swift */; };
		92E819DE2CCBB8EF000C40FE /* PastGameScheduleView.swift in Sources */ = {isa = PBXBuildFile; fileRef = 92E819DD2CCBB8EF000C40FE /* PastGameScheduleView.swift */; };
		92E819E12CCBBC04000C40FE /* TeamService.swift in Sources */ = {isa = PBXBuildFile; fileRef = 92E819E02CCBBC04000C40FE /* TeamService.swift */; };
		92E81A1E2CCBC011000C40FE /* ResizableAsyncImageView.swift in Sources */ = {isa = PBXBuildFile; fileRef = 92E81A1D2CCBC011000C40FE /* ResizableAsyncImageView.swift */; };
		92E81A202CCBC68A000C40FE /* String.swift in Sources */ = {isa = PBXBuildFile; fileRef = 92E81A1F2CCBC68A000C40FE /* String.swift */; };
		92E81A232CCBE2F3000C40FE /* HomeTabBarView.swift in Sources */ = {isa = PBXBuildFile; fileRef = 92E81A222CCBE2F3000C40FE /* HomeTabBarView.swift */; };
		92E81A252CCBE53F000C40FE /* GameCardCarouselView.swift in Sources */ = {isa = PBXBuildFile; fileRef = 92E81A242CCBE53F000C40FE /* GameCardCarouselView.swift */; };
		92E81A272CCBED10000C40FE /* ScheduleView.swift in Sources */ = {isa = PBXBuildFile; fileRef = 92E81A262CCBED10000C40FE /* ScheduleView.swift */; };
/* End PBXBuildFile section */

/* Begin PBXContainerItemProxy section */
		920B4A422CD4C87200FE3236 /* PBXContainerItemProxy */ = {
			isa = PBXContainerItemProxy;
			containerPortal = 925C7AF52CCA480200A0B426 /* Project object */;
			proxyType = 1;
			remoteGlobalIDString = 925C7AFC2CCA480200A0B426;
			remoteInfo = RawEngSample;
		};
		925C7B0E2CCA480500A0B426 /* PBXContainerItemProxy */ = {
			isa = PBXContainerItemProxy;
			containerPortal = 925C7AF52CCA480200A0B426 /* Project object */;
			proxyType = 1;
			remoteGlobalIDString = 925C7AFC2CCA480200A0B426;
			remoteInfo = RawEngSample;
		};
/* End PBXContainerItemProxy section */

/* Begin PBXFileReference section */
		920B4A362CD4AE0400FE3236 /* HomeScreenViewModelTests.swift */ = {isa = PBXFileReference; lastKnownFileType = sourcecode.swift; path = HomeScreenViewModelTests.swift; sourceTree = "<group>"; };
		920B4A3C2CD4C87200FE3236 /* RawEngSampleUITests.xctest */ = {isa = PBXFileReference; explicitFileType = wrapper.cfbundle; includeInIndex = 0; path = RawEngSampleUITests.xctest; sourceTree = BUILT_PRODUCTS_DIR; };
		920B4A3E2CD4C87200FE3236 /* RawEngSampleUITests.swift */ = {isa = PBXFileReference; lastKnownFileType = sourcecode.swift; path = RawEngSampleUITests.swift; sourceTree = "<group>"; };
		920B4A402CD4C87200FE3236 /* RawEngSampleUITestsLaunchTests.swift */ = {isa = PBXFileReference; lastKnownFileType = sourcecode.swift; path = RawEngSampleUITestsLaunchTests.swift; sourceTree = "<group>"; };
		92195BDC2CCF8CC000A88C4E /* PastGameCardView.swift */ = {isa = PBXFileReference; lastKnownFileType = sourcecode.swift; path = PastGameCardView.swift; sourceTree = "<group>"; };
		92195BDE2CCF8D0400A88C4E /* GameCardView.swift */ = {isa = PBXFileReference; lastKnownFileType = sourcecode.swift; path = GameCardView.swift; sourceTree = "<group>"; };
		92204E7E2CD0F5D000A3E942 /* HomeScreenViewModel.swift */ = {isa = PBXFileReference; lastKnownFileType = sourcecode.swift; path = HomeScreenViewModel.swift; sourceTree = "<group>"; };
		92204E802CD0F63B00A3E942 /* ScheduleService.swift */ = {isa = PBXFileReference; lastKnownFileType = sourcecode.swift; path = ScheduleService.swift; sourceTree = "<group>"; };
		92204E822CD13DA900A3E942 /* Notification.swift */ = {isa = PBXFileReference; lastKnownFileType = sourcecode.swift; path = Notification.swift; sourceTree = "<group>"; };
		922A481A2CCE1CFA004E3B02 /* GameCardCarouselViewModel.swift */ = {isa = PBXFileReference; lastKnownFileType = sourcecode.swift; path = GameCardCarouselViewModel.swift; sourceTree = "<group>"; };
		922A481D2CCE3ECA004E3B02 /* GameCardResponse.swift */ = {isa = PBXFileReference; lastKnownFileType = sourcecode.swift; path = GameCardResponse.swift; sourceTree = "<group>"; };
		922A481F2CCEC0FA004E3B02 /* PromoCardView.swift */ = {isa = PBXFileReference; lastKnownFileType = sourcecode.swift; path = PromoCardView.swift; sourceTree = "<group>"; };
		92498E5F2CCA5180008DFF44 /* Team.swift */ = {isa = PBXFileReference; lastKnownFileType = sourcecode.swift; path = Team.swift; sourceTree = "<group>"; };
		92498E612CCA78CE008DFF44 /* TestView.swift */ = {isa = PBXFileReference; lastKnownFileType = sourcecode.swift; path = TestView.swift; sourceTree = "<group>"; };
		92498E662CCB977A008DFF44 /* TeamsResponse.swift */ = {isa = PBXFileReference; lastKnownFileType = sourcecode.swift; path = TeamsResponse.swift; sourceTree = "<group>"; };
		92498E682CCB978F008DFF44 /* TeamsData.swift */ = {isa = PBXFileReference; lastKnownFileType = sourcecode.swift; path = TeamsData.swift; sourceTree = "<group>"; };
		92498E6A2CCB9882008DFF44 /* ScheduleViewModel.swift */ = {isa = PBXFileReference; lastKnownFileType = sourcecode.swift; path = ScheduleViewModel.swift; sourceTree = "<group>"; };
		925C7AFD2CCA480200A0B426 /* RawEngSample.app */ = {isa = PBXFileReference; explicitFileType = wrapper.application; includeInIndex = 0; path = RawEngSample.app; sourceTree = BUILT_PRODUCTS_DIR; };
		925C7B002CCA480200A0B426 /* RawEngSampleApp.swift */ = {isa = PBXFileReference; lastKnownFileType = sourcecode.swift; path = RawEngSampleApp.swift; sourceTree = "<group>"; };
		925C7B022CCA480200A0B426 /* HomeScreen.swift */ = {isa = PBXFileReference; lastKnownFileType = sourcecode.swift; path = HomeScreen.swift; sourceTree = "<group>"; };
		925C7B042CCA480400A0B426 /* Assets.xcassets */ = {isa = PBXFileReference; lastKnownFileType = folder.assetcatalog; path = Assets.xcassets; sourceTree = "<group>"; };
		925C7B072CCA480400A0B426 /* Preview Assets.xcassets */ = {isa = PBXFileReference; lastKnownFileType = folder.assetcatalog; path = "Preview Assets.xcassets"; sourceTree = "<group>"; };
		925C7B0D2CCA480500A0B426 /* RawEngSampleTests.xctest */ = {isa = PBXFileReference; explicitFileType = wrapper.cfbundle; includeInIndex = 0; path = RawEngSampleTests.xctest; sourceTree = BUILT_PRODUCTS_DIR; };
		925C7B112CCA480500A0B426 /* RawEngSampleTests.swift */ = {isa = PBXFileReference; lastKnownFileType = sourcecode.swift; path = RawEngSampleTests.swift; sourceTree = "<group>"; };
		925C7B2B2CCA499100A0B426 /* ScheduleData.swift */ = {isa = PBXFileReference; fileEncoding = 4; lastKnownFileType = sourcecode.swift; path = ScheduleData.swift; sourceTree = "<group>"; };
		925C7B2C2CCA499100A0B426 /* Schedule.swift */ = {isa = PBXFileReference; fileEncoding = 4; lastKnownFileType = sourcecode.swift; path = Schedule.swift; sourceTree = "<group>"; };
		925C7B2D2CCA499100A0B426 /* ScheduleResponse.swift */ = {isa = PBXFileReference; fileEncoding = 4; lastKnownFileType = sourcecode.swift; path = ScheduleResponse.swift; sourceTree = "<group>"; };
		925C7B2E2CCA499100A0B426 /* V.swift */ = {isa = PBXFileReference; fileEncoding = 4; lastKnownFileType = sourcecode.swift; path = V.swift; sourceTree = "<group>"; };
		925C7B2F2CCA499100A0B426 /* H.swift */ = {isa = PBXFileReference; fileEncoding = 4; lastKnownFileType = sourcecode.swift; path = H.swift; sourceTree = "<group>"; };
		925C7B362CCA4A3A00A0B426 /* teams.json */ = {isa = PBXFileReference; fileEncoding = 4; lastKnownFileType = text.json; path = teams.json; sourceTree = "<group>"; };
		925C7B372CCA4A3A00A0B426 /* Schedule.json */ = {isa = PBXFileReference; fileEncoding = 4; lastKnownFileType = text.json; path = Schedule.json; sourceTree = "<group>"; };
		925C7B382CCA4A3A00A0B426 /* Game Card Data.json */ = {isa = PBXFileReference; fileEncoding = 4; lastKnownFileType = text.json; path = "Game Card Data.json"; sourceTree = "<group>"; };
		9294D34C2CD2667000F317C0 /* NetworkManager.swift */ = {isa = PBXFileReference; lastKnownFileType = sourcecode.swift; path = NetworkManager.swift; sourceTree = "<group>"; };
		9294D34E2CD27A4200F317C0 /* ResizableAsyncImageViewModel.swift */ = {isa = PBXFileReference; lastKnownFileType = sourcecode.swift; path = ResizableAsyncImageViewModel.swift; sourceTree = "<group>"; };
		9294D3502CD298BB00F317C0 /* NetworkManagerProtocol.swift */ = {isa = PBXFileReference; lastKnownFileType = sourcecode.swift; path = NetworkManagerProtocol.swift; sourceTree = "<group>"; };
		92C446E42CCCD6890071CD13 /* Array.swift */ = {isa = PBXFileReference; lastKnownFileType = sourcecode.swift; path = Array.swift; sourceTree = "<group>"; };
		92E819D92CCBB8D0000C40FE /* FutureGameScheduleView.swift */ = {isa = PBXFileReference; lastKnownFileType = sourcecode.swift; path = FutureGameScheduleView.swift; sourceTree = "<group>"; };
		92E819DB2CCBB8DF000C40FE /* LiveGameScheduleView.swift */ = {isa = PBXFileReference; lastKnownFileType = sourcecode.swift; path = LiveGameScheduleView.swift; sourceTree = "<group>"; };
		92E819DD2CCBB8EF000C40FE /* PastGameScheduleView.swift */ = {isa = PBXFileReference; lastKnownFileType = sourcecode.swift; path = PastGameScheduleView.swift; sourceTree = "<group>"; };
		92E819E02CCBBC04000C40FE /* TeamService.swift */ = {isa = PBXFileReference; lastKnownFileType = sourcecode.swift; path = TeamService.swift; sourceTree = "<group>"; };
		92E81A1D2CCBC011000C40FE /* ResizableAsyncImageView.swift */ = {isa = PBXFileReference; lastKnownFileType = sourcecode.swift; path = ResizableAsyncImageView.swift; sourceTree = "<group>"; };
		92E81A1F2CCBC68A000C40FE /* String.swift */ = {isa = PBXFileReference; lastKnownFileType = sourcecode.swift; path = String.swift; sourceTree = "<group>"; };
		92E81A222CCBE2F3000C40FE /* HomeTabBarView.swift */ = {isa = PBXFileReference; lastKnownFileType = sourcecode.swift; path = HomeTabBarView.swift; sourceTree = "<group>"; };
		92E81A242CCBE53F000C40FE /* GameCardCarouselView.swift */ = {isa = PBXFileReference; lastKnownFileType = sourcecode.swift; path = GameCardCarouselView.swift; sourceTree = "<group>"; };
		92E81A262CCBED10000C40FE /* ScheduleView.swift */ = {isa = PBXFileReference; lastKnownFileType = sourcecode.swift; path = ScheduleView.swift; sourceTree = "<group>"; };
/* End PBXFileReference section */

/* Begin PBXFrameworksBuildPhase section */
		920B4A392CD4C87200FE3236 /* Frameworks */ = {
			isa = PBXFrameworksBuildPhase;
			buildActionMask = 2147483647;
			files = (
			);
			runOnlyForDeploymentPostprocessing = 0;
		};
		925C7AFA2CCA480200A0B426 /* Frameworks */ = {
			isa = PBXFrameworksBuildPhase;
			buildActionMask = 2147483647;
			files = (
			);
			runOnlyForDeploymentPostprocessing = 0;
		};
		925C7B0A2CCA480500A0B426 /* Frameworks */ = {
			isa = PBXFrameworksBuildPhase;
			buildActionMask = 2147483647;
			files = (
			);
			runOnlyForDeploymentPostprocessing = 0;
		};
/* End PBXFrameworksBuildPhase section */

/* Begin PBXGroup section */
		920B4A352CD4ACDC00FE3236 /* Extensions */ = {
			isa = PBXGroup;
			children = (
				92C446E42CCCD6890071CD13 /* Array.swift */,
				92204E822CD13DA900A3E942 /* Notification.swift */,
				92E81A1F2CCBC68A000C40FE /* String.swift */,
			);
			path = Extensions;
			sourceTree = "<group>";
		};
		920B4A3D2CD4C87200FE3236 /* RawEngSampleUITests */ = {
			isa = PBXGroup;
			children = (
				920B4A3E2CD4C87200FE3236 /* RawEngSampleUITests.swift */,
				920B4A402CD4C87200FE3236 /* RawEngSampleUITestsLaunchTests.swift */,
			);
			path = RawEngSampleUITests;
			sourceTree = "<group>";
		};
		92195BD92CCF8B9100A88C4E /* Home */ = {
			isa = PBXGroup;
			children = (
				925C7B022CCA480200A0B426 /* HomeScreen.swift */,
				92E81A222CCBE2F3000C40FE /* HomeTabBarView.swift */,
			);
			path = Home;
			sourceTree = "<group>";
		};
		92195BDA2CCF8BEB00A88C4E /* Schedule */ = {
			isa = PBXGroup;
			children = (
				92E81A262CCBED10000C40FE /* ScheduleView.swift */,
				92E819D92CCBB8D0000C40FE /* FutureGameScheduleView.swift */,
				92E819DB2CCBB8DF000C40FE /* LiveGameScheduleView.swift */,
				92E819DD2CCBB8EF000C40FE /* PastGameScheduleView.swift */,
			);
			path = Schedule;
			sourceTree = "<group>";
		};
		92195BDB2CCF8C7F00A88C4E /* GameCardCarousel */ = {
			isa = PBXGroup;
			children = (
				92E81A242CCBE53F000C40FE /* GameCardCarouselView.swift */,
				92195BDE2CCF8D0400A88C4E /* GameCardView.swift */,
				92195BDC2CCF8CC000A88C4E /* PastGameCardView.swift */,
				922A481F2CCEC0FA004E3B02 /* PromoCardView.swift */,
			);
			path = GameCardCarousel;
			sourceTree = "<group>";
		};
		92206AAB2CCBB5B100C5CF31 /* ViewModel */ = {
			isa = PBXGroup;
			children = (
				92204E7E2CD0F5D000A3E942 /* HomeScreenViewModel.swift */,
				92498E6A2CCB9882008DFF44 /* ScheduleViewModel.swift */,
				922A481A2CCE1CFA004E3B02 /* GameCardCarouselViewModel.swift */,
				9294D34E2CD27A4200F317C0 /* ResizableAsyncImageViewModel.swift */,
			);
			path = ViewModel;
			sourceTree = "<group>";
		};
		92206AAC2CCBB5B900C5CF31 /* View */ = {
			isa = PBXGroup;
			children = (
				92195BD92CCF8B9100A88C4E /* Home */,
				92195BDA2CCF8BEB00A88C4E /* Schedule */,
				92195BDB2CCF8C7F00A88C4E /* GameCardCarousel */,
				92E81A1D2CCBC011000C40FE /* ResizableAsyncImageView.swift */,
			);
			path = View;
			sourceTree = "<group>";
		};
		922A481C2CCE3EA7004E3B02 /* GameCard */ = {
			isa = PBXGroup;
			children = (
				922A481D2CCE3ECA004E3B02 /* GameCardResponse.swift */,
			);
			path = GameCard;
			sourceTree = "<group>";
		};
		92498E632CCB96A1008DFF44 /* Schedule */ = {
			isa = PBXGroup;
			children = (
				925C7B2D2CCA499100A0B426 /* ScheduleResponse.swift */,
				925C7B2B2CCA499100A0B426 /* ScheduleData.swift */,
				925C7B2C2CCA499100A0B426 /* Schedule.swift */,
				925C7B2F2CCA499100A0B426 /* H.swift */,
				925C7B2E2CCA499100A0B426 /* V.swift */,
			);
			path = Schedule;
			sourceTree = "<group>";
		};
		92498E652CCB96B0008DFF44 /* Team */ = {
			isa = PBXGroup;
			children = (
				92498E662CCB977A008DFF44 /* TeamsResponse.swift */,
				92498E682CCB978F008DFF44 /* TeamsData.swift */,
				92498E5F2CCA5180008DFF44 /* Team.swift */,
			);
			path = Team;
			sourceTree = "<group>";
		};
		925C7AF42CCA480200A0B426 = {
			isa = PBXGroup;
			children = (
				925C7AFF2CCA480200A0B426 /* RawEngSample */,
				925C7B102CCA480500A0B426 /* RawEngSampleTests */,
				920B4A3D2CD4C87200FE3236 /* RawEngSampleUITests */,
				925C7AFE2CCA480200A0B426 /* Products */,
			);
			sourceTree = "<group>";
		};
		925C7AFE2CCA480200A0B426 /* Products */ = {
			isa = PBXGroup;
			children = (
				925C7AFD2CCA480200A0B426 /* RawEngSample.app */,
				925C7B0D2CCA480500A0B426 /* RawEngSampleTests.xctest */,
				920B4A3C2CD4C87200FE3236 /* RawEngSampleUITests.xctest */,
			);
			name = Products;
			sourceTree = "<group>";
		};
		925C7AFF2CCA480200A0B426 /* RawEngSample */ = {
			isa = PBXGroup;
			children = (
				925C7B002CCA480200A0B426 /* RawEngSampleApp.swift */,
				9294D34B2CD2665900F317C0 /* Networking */,
				92E819DF2CCBBBE4000C40FE /* Service */,
				925C7B2A2CCA489600A0B426 /* Model */,
				92206AAC2CCBB5B900C5CF31 /* View */,
				92206AAB2CCBB5B100C5CF31 /* ViewModel */,
				920B4A352CD4ACDC00FE3236 /* Extensions */,
				925C7B352CCA49FC00A0B426 /* Json_payloads */,
				92498E612CCA78CE008DFF44 /* TestView.swift */,
				925C7B042CCA480400A0B426 /* Assets.xcassets */,
				925C7B062CCA480400A0B426 /* Preview Content */,
			);
			path = RawEngSample;
			sourceTree = "<group>";
		};
		925C7B062CCA480400A0B426 /* Preview Content */ = {
			isa = PBXGroup;
			children = (
				925C7B072CCA480400A0B426 /* Preview Assets.xcassets */,
			);
			path = "Preview Content";
			sourceTree = "<group>";
		};
		925C7B102CCA480500A0B426 /* RawEngSampleTests */ = {
			isa = PBXGroup;
			children = (
				925C7B112CCA480500A0B426 /* RawEngSampleTests.swift */,
				920B4A362CD4AE0400FE3236 /* HomeScreenViewModelTests.swift */,
			);
			path = RawEngSampleTests;
			sourceTree = "<group>";
		};
		925C7B2A2CCA489600A0B426 /* Model */ = {
			isa = PBXGroup;
			children = (
				92498E652CCB96B0008DFF44 /* Team */,
				92498E632CCB96A1008DFF44 /* Schedule */,
				922A481C2CCE3EA7004E3B02 /* GameCard */,
			);
			path = Model;
			sourceTree = "<group>";
		};
		925C7B352CCA49FC00A0B426 /* Json_payloads */ = {
			isa = PBXGroup;
			children = (
				925C7B362CCA4A3A00A0B426 /* teams.json */,
				925C7B372CCA4A3A00A0B426 /* Schedule.json */,
				925C7B382CCA4A3A00A0B426 /* Game Card Data.json */,
			);
			path = Json_payloads;
			sourceTree = "<group>";
		};
		9294D34B2CD2665900F317C0 /* Networking */ = {
			isa = PBXGroup;
			children = (
				9294D3502CD298BB00F317C0 /* NetworkManagerProtocol.swift */,
				9294D34C2CD2667000F317C0 /* NetworkManager.swift */,
			);
			path = Networking;
			sourceTree = "<group>";
		};
		92E819DF2CCBBBE4000C40FE /* Service */ = {
			isa = PBXGroup;
			children = (
				92E819E02CCBBC04000C40FE /* TeamService.swift */,
				92204E802CD0F63B00A3E942 /* ScheduleService.swift */,
			);
			path = Service;
			sourceTree = "<group>";
		};
/* End PBXGroup section */

/* Begin PBXNativeTarget section */
		920B4A3B2CD4C87200FE3236 /* RawEngSampleUITests */ = {
			isa = PBXNativeTarget;
			buildConfigurationList = 920B4A442CD4C87200FE3236 /* Build configuration list for PBXNativeTarget "RawEngSampleUITests" */;
			buildPhases = (
				920B4A382CD4C87200FE3236 /* Sources */,
				920B4A392CD4C87200FE3236 /* Frameworks */,
				920B4A3A2CD4C87200FE3236 /* Resources */,
			);
			buildRules = (
			);
			dependencies = (
				920B4A432CD4C87200FE3236 /* PBXTargetDependency */,
			);
			name = RawEngSampleUITests;
			productName = RawEngSampleUITests;
			productReference = 920B4A3C2CD4C87200FE3236 /* RawEngSampleUITests.xctest */;
			productType = "com.apple.product-type.bundle.ui-testing";
		};
		925C7AFC2CCA480200A0B426 /* RawEngSample */ = {
			isa = PBXNativeTarget;
			buildConfigurationList = 925C7B212CCA480500A0B426 /* Build configuration list for PBXNativeTarget "RawEngSample" */;
			buildPhases = (
				925C7AF92CCA480200A0B426 /* Sources */,
				925C7AFA2CCA480200A0B426 /* Frameworks */,
				925C7AFB2CCA480200A0B426 /* Resources */,
			);
			buildRules = (
			);
			dependencies = (
			);
			name = RawEngSample;
			productName = RawEngSample;
			productReference = 925C7AFD2CCA480200A0B426 /* RawEngSample.app */;
			productType = "com.apple.product-type.application";
		};
		925C7B0C2CCA480500A0B426 /* RawEngSampleTests */ = {
			isa = PBXNativeTarget;
			buildConfigurationList = 925C7B242CCA480500A0B426 /* Build configuration list for PBXNativeTarget "RawEngSampleTests" */;
			buildPhases = (
				925C7B092CCA480500A0B426 /* Sources */,
				925C7B0A2CCA480500A0B426 /* Frameworks */,
				925C7B0B2CCA480500A0B426 /* Resources */,
			);
			buildRules = (
			);
			dependencies = (
				925C7B0F2CCA480500A0B426 /* PBXTargetDependency */,
			);
			name = RawEngSampleTests;
			productName = RawEngSampleTests;
			productReference = 925C7B0D2CCA480500A0B426 /* RawEngSampleTests.xctest */;
			productType = "com.apple.product-type.bundle.unit-test";
		};
/* End PBXNativeTarget section */

/* Begin PBXProject section */
		925C7AF52CCA480200A0B426 /* Project object */ = {
			isa = PBXProject;
			attributes = {
				BuildIndependentTargetsInParallel = 1;
				LastSwiftUpdateCheck = 1540;
				LastUpgradeCheck = 1540;
				TargetAttributes = {
					920B4A3B2CD4C87200FE3236 = {
						CreatedOnToolsVersion = 15.4;
						TestTargetID = 925C7AFC2CCA480200A0B426;
					};
					925C7AFC2CCA480200A0B426 = {
						CreatedOnToolsVersion = 15.4;
					};
					925C7B0C2CCA480500A0B426 = {
						CreatedOnToolsVersion = 15.4;
						TestTargetID = 925C7AFC2CCA480200A0B426;
					};
				};
			};
			buildConfigurationList = 925C7AF82CCA480200A0B426 /* Build configuration list for PBXProject "RawEngSample" */;
			compatibilityVersion = "Xcode 14.0";
			developmentRegion = en;
			hasScannedForEncodings = 0;
			knownRegions = (
				en,
				Base,
			);
			mainGroup = 925C7AF42CCA480200A0B426;
			productRefGroup = 925C7AFE2CCA480200A0B426 /* Products */;
			projectDirPath = "";
			projectRoot = "";
			targets = (
				925C7AFC2CCA480200A0B426 /* RawEngSample */,
				925C7B0C2CCA480500A0B426 /* RawEngSampleTests */,
				920B4A3B2CD4C87200FE3236 /* RawEngSampleUITests */,
			);
		};
/* End PBXProject section */

/* Begin PBXResourcesBuildPhase section */
		920B4A3A2CD4C87200FE3236 /* Resources */ = {
			isa = PBXResourcesBuildPhase;
			buildActionMask = 2147483647;
			files = (
			);
			runOnlyForDeploymentPostprocessing = 0;
		};
		925C7AFB2CCA480200A0B426 /* Resources */ = {
			isa = PBXResourcesBuildPhase;
			buildActionMask = 2147483647;
			files = (
				925C7B392CCA4A3A00A0B426 /* teams.json in Resources */,
				925C7B082CCA480400A0B426 /* Preview Assets.xcassets in Resources */,
				925C7B3A2CCA4A3A00A0B426 /* Schedule.json in Resources */,
				925C7B052CCA480400A0B426 /* Assets.xcassets in Resources */,
				925C7B3B2CCA4A3A00A0B426 /* Game Card Data.json in Resources */,
			);
			runOnlyForDeploymentPostprocessing = 0;
		};
		925C7B0B2CCA480500A0B426 /* Resources */ = {
			isa = PBXResourcesBuildPhase;
			buildActionMask = 2147483647;
			files = (
			);
			runOnlyForDeploymentPostprocessing = 0;
		};
/* End PBXResourcesBuildPhase section */

/* Begin PBXSourcesBuildPhase section */
		920B4A382CD4C87200FE3236 /* Sources */ = {
			isa = PBXSourcesBuildPhase;
			buildActionMask = 2147483647;
			files = (
				920B4A412CD4C87200FE3236 /* RawEngSampleUITestsLaunchTests.swift in Sources */,
				920B4A3F2CD4C87200FE3236 /* RawEngSampleUITests.swift in Sources */,
			);
			runOnlyForDeploymentPostprocessing = 0;
		};
		925C7AF92CCA480200A0B426 /* Sources */ = {
			isa = PBXSourcesBuildPhase;
			buildActionMask = 2147483647;
			files = (
				925C7B332CCA499100A0B426 /* V.swift in Sources */,
				925C7B032CCA480200A0B426 /* HomeScreen.swift in Sources */,
				92E81A232CCBE2F3000C40FE /* HomeTabBarView.swift in Sources */,
				92E819DC2CCBB8DF000C40FE /* LiveGameScheduleView.swift in Sources */,
				922A481E2CCE3ECA004E3B02 /* GameCardResponse.swift in Sources */,
				92498E622CCA78CE008DFF44 /* TestView.swift in Sources */,
				92C446E52CCCD6890071CD13 /* Array.swift in Sources */,
				92E81A1E2CCBC011000C40FE /* ResizableAsyncImageView.swift in Sources */,
				92E819E12CCBBC04000C40FE /* TeamService.swift in Sources */,
				92204E812CD0F63B00A3E942 /* ScheduleService.swift in Sources */,
				92204E7F2CD0F5D000A3E942 /* HomeScreenViewModel.swift in Sources */,
				92498E672CCB977A008DFF44 /* TeamsResponse.swift in Sources */,
				92195BDF2CCF8D0400A88C4E /* GameCardView.swift in Sources */,
				922A481B2CCE1CFA004E3B02 /* GameCardCarouselViewModel.swift in Sources */,
				92E819DA2CCBB8D0000C40FE /* FutureGameScheduleView.swift in Sources */,
				925C7B302CCA499100A0B426 /* ScheduleData.swift in Sources */,
				925C7B312CCA499100A0B426 /* Schedule.swift in Sources */,
				92498E602CCA5180008DFF44 /* Team.swift in Sources */,
				9294D34D2CD2667000F317C0 /* NetworkManager.swift in Sources */,
				925C7B322CCA499100A0B426 /* ScheduleResponse.swift in Sources */,
				92E81A202CCBC68A000C40FE /* String.swift in Sources */,
				92E81A252CCBE53F000C40FE /* GameCardCarouselView.swift in Sources */,
				9294D3512CD298BB00F317C0 /* NetworkManagerProtocol.swift in Sources */,
				92195BDD2CCF8CC000A88C4E /* PastGameCardView.swift in Sources */,
				9294D34F2CD27A4200F317C0 /* ResizableAsyncImageViewModel.swift in Sources */,
				92498E6B2CCB9882008DFF44 /* ScheduleViewModel.swift in Sources */,
				922A48202CCEC0FA004E3B02 /* PromoCardView.swift in Sources */,
				925C7B012CCA480200A0B426 /* RawEngSampleApp.swift in Sources */,
				92E81A272CCBED10000C40FE /* ScheduleView.swift in Sources */,
				92498E692CCB978F008DFF44 /* TeamsData.swift in Sources */,
				92E819DE2CCBB8EF000C40FE /* PastGameScheduleView.swift in Sources */,
				92204E832CD13DA900A3E942 /* Notification.swift in Sources */,
				925C7B342CCA499100A0B426 /* H.swift in Sources */,
			);
			runOnlyForDeploymentPostprocessing = 0;
		};
		925C7B092CCA480500A0B426 /* Sources */ = {
			isa = PBXSourcesBuildPhase;
			buildActionMask = 2147483647;
			files = (
				925C7B122CCA480500A0B426 /* RawEngSampleTests.swift in Sources */,
				920B4A372CD4AE0400FE3236 /* HomeScreenViewModelTests.swift in Sources */,
			);
			runOnlyForDeploymentPostprocessing = 0;
		};
/* End PBXSourcesBuildPhase section */

/* Begin PBXTargetDependency section */
		920B4A432CD4C87200FE3236 /* PBXTargetDependency */ = {
			isa = PBXTargetDependency;
			target = 925C7AFC2CCA480200A0B426 /* RawEngSample */;
			targetProxy = 920B4A422CD4C87200FE3236 /* PBXContainerItemProxy */;
		};
		925C7B0F2CCA480500A0B426 /* PBXTargetDependency */ = {
			isa = PBXTargetDependency;
			target = 925C7AFC2CCA480200A0B426 /* RawEngSample */;
			targetProxy = 925C7B0E2CCA480500A0B426 /* PBXContainerItemProxy */;
		};
/* End PBXTargetDependency section */

/* Begin XCBuildConfiguration section */
		920B4A452CD4C87200FE3236 /* Debug */ = {
			isa = XCBuildConfiguration;
			buildSettings = {
				CODE_SIGN_STYLE = Automatic;
				CURRENT_PROJECT_VERSION = 1;
				DEVELOPMENT_TEAM = 45KK7529RN;
				GENERATE_INFOPLIST_FILE = YES;
				MARKETING_VERSION = 1.0;
				PRODUCT_BUNDLE_IDENTIFIER = com.dot.RawEngSampleUITests;
				PRODUCT_NAME = "$(TARGET_NAME)";
				SUPPORTED_PLATFORMS = "iphoneos iphonesimulator";
				SUPPORTS_MACCATALYST = NO;
				SUPPORTS_MAC_DESIGNED_FOR_IPHONE_IPAD = NO;
				SUPPORTS_XR_DESIGNED_FOR_IPHONE_IPAD = NO;
				SWIFT_EMIT_LOC_STRINGS = NO;
				SWIFT_VERSION = 5.0;
				TARGETED_DEVICE_FAMILY = "1,2";
				TEST_TARGET_NAME = RawEngSample;
			};
			name = Debug;
		};
		920B4A462CD4C87200FE3236 /* Release */ = {
			isa = XCBuildConfiguration;
			buildSettings = {
				CODE_SIGN_STYLE = Automatic;
				CURRENT_PROJECT_VERSION = 1;
				DEVELOPMENT_TEAM = 45KK7529RN;
				GENERATE_INFOPLIST_FILE = YES;
				MARKETING_VERSION = 1.0;
				PRODUCT_BUNDLE_IDENTIFIER = com.dot.RawEngSampleUITests;
				PRODUCT_NAME = "$(TARGET_NAME)";
				SUPPORTED_PLATFORMS = "iphoneos iphonesimulator";
				SUPPORTS_MACCATALYST = NO;
				SUPPORTS_MAC_DESIGNED_FOR_IPHONE_IPAD = NO;
				SUPPORTS_XR_DESIGNED_FOR_IPHONE_IPAD = NO;
				SWIFT_EMIT_LOC_STRINGS = NO;
				SWIFT_VERSION = 5.0;
				TARGETED_DEVICE_FAMILY = "1,2";
				TEST_TARGET_NAME = RawEngSample;
			};
			name = Release;
		};
		925C7B1F2CCA480500A0B426 /* Debug */ = {
			isa = XCBuildConfiguration;
			buildSettings = {
				ALWAYS_SEARCH_USER_PATHS = NO;
				ASSETCATALOG_COMPILER_GENERATE_SWIFT_ASSET_SYMBOL_EXTENSIONS = YES;
				CLANG_ANALYZER_NONNULL = YES;
				CLANG_ANALYZER_NUMBER_OBJECT_CONVERSION = YES_AGGRESSIVE;
				CLANG_CXX_LANGUAGE_STANDARD = "gnu++20";
				CLANG_ENABLE_MODULES = YES;
				CLANG_ENABLE_OBJC_ARC = YES;
				CLANG_ENABLE_OBJC_WEAK = YES;
				CLANG_WARN_BLOCK_CAPTURE_AUTORELEASING = YES;
				CLANG_WARN_BOOL_CONVERSION = YES;
				CLANG_WARN_COMMA = YES;
				CLANG_WARN_CONSTANT_CONVERSION = YES;
				CLANG_WARN_DEPRECATED_OBJC_IMPLEMENTATIONS = YES;
				CLANG_WARN_DIRECT_OBJC_ISA_USAGE = YES_ERROR;
				CLANG_WARN_DOCUMENTATION_COMMENTS = YES;
				CLANG_WARN_EMPTY_BODY = YES;
				CLANG_WARN_ENUM_CONVERSION = YES;
				CLANG_WARN_INFINITE_RECURSION = YES;
				CLANG_WARN_INT_CONVERSION = YES;
				CLANG_WARN_NON_LITERAL_NULL_CONVERSION = YES;
				CLANG_WARN_OBJC_IMPLICIT_RETAIN_SELF = YES;
				CLANG_WARN_OBJC_LITERAL_CONVERSION = YES;
				CLANG_WARN_OBJC_ROOT_CLASS = YES_ERROR;
				CLANG_WARN_QUOTED_INCLUDE_IN_FRAMEWORK_HEADER = YES;
				CLANG_WARN_RANGE_LOOP_ANALYSIS = YES;
				CLANG_WARN_STRICT_PROTOTYPES = YES;
				CLANG_WARN_SUSPICIOUS_MOVE = YES;
				CLANG_WARN_UNGUARDED_AVAILABILITY = YES_AGGRESSIVE;
				CLANG_WARN_UNREACHABLE_CODE = YES;
				CLANG_WARN__DUPLICATE_METHOD_MATCH = YES;
				COPY_PHASE_STRIP = NO;
				DEBUG_INFORMATION_FORMAT = dwarf;
				ENABLE_STRICT_OBJC_MSGSEND = YES;
				ENABLE_TESTABILITY = YES;
				ENABLE_USER_SCRIPT_SANDBOXING = YES;
				GCC_C_LANGUAGE_STANDARD = gnu17;
				GCC_DYNAMIC_NO_PIC = NO;
				GCC_NO_COMMON_BLOCKS = YES;
				GCC_OPTIMIZATION_LEVEL = 0;
				GCC_PREPROCESSOR_DEFINITIONS = (
					"DEBUG=1",
					"$(inherited)",
				);
				GCC_WARN_64_TO_32_BIT_CONVERSION = YES;
				GCC_WARN_ABOUT_RETURN_TYPE = YES_ERROR;
				GCC_WARN_UNDECLARED_SELECTOR = YES;
				GCC_WARN_UNINITIALIZED_AUTOS = YES_AGGRESSIVE;
				GCC_WARN_UNUSED_FUNCTION = YES;
				GCC_WARN_UNUSED_VARIABLE = YES;
				IPHONEOS_DEPLOYMENT_TARGET = 17.5;
				LOCALIZATION_PREFERS_STRING_CATALOGS = YES;
				MTL_ENABLE_DEBUG_INFO = INCLUDE_SOURCE;
				MTL_FAST_MATH = YES;
				ONLY_ACTIVE_ARCH = YES;
				SDKROOT = iphoneos;
				SWIFT_ACTIVE_COMPILATION_CONDITIONS = "DEBUG $(inherited)";
				SWIFT_OPTIMIZATION_LEVEL = "-Onone";
			};
			name = Debug;
		};
		925C7B202CCA480500A0B426 /* Release */ = {
			isa = XCBuildConfiguration;
			buildSettings = {
				ALWAYS_SEARCH_USER_PATHS = NO;
				ASSETCATALOG_COMPILER_GENERATE_SWIFT_ASSET_SYMBOL_EXTENSIONS = YES;
				CLANG_ANALYZER_NONNULL = YES;
				CLANG_ANALYZER_NUMBER_OBJECT_CONVERSION = YES_AGGRESSIVE;
				CLANG_CXX_LANGUAGE_STANDARD = "gnu++20";
				CLANG_ENABLE_MODULES = YES;
				CLANG_ENABLE_OBJC_ARC = YES;
				CLANG_ENABLE_OBJC_WEAK = YES;
				CLANG_WARN_BLOCK_CAPTURE_AUTORELEASING = YES;
				CLANG_WARN_BOOL_CONVERSION = YES;
				CLANG_WARN_COMMA = YES;
				CLANG_WARN_CONSTANT_CONVERSION = YES;
				CLANG_WARN_DEPRECATED_OBJC_IMPLEMENTATIONS = YES;
				CLANG_WARN_DIRECT_OBJC_ISA_USAGE = YES_ERROR;
				CLANG_WARN_DOCUMENTATION_COMMENTS = YES;
				CLANG_WARN_EMPTY_BODY = YES;
				CLANG_WARN_ENUM_CONVERSION = YES;
				CLANG_WARN_INFINITE_RECURSION = YES;
				CLANG_WARN_INT_CONVERSION = YES;
				CLANG_WARN_NON_LITERAL_NULL_CONVERSION = YES;
				CLANG_WARN_OBJC_IMPLICIT_RETAIN_SELF = YES;
				CLANG_WARN_OBJC_LITERAL_CONVERSION = YES;
				CLANG_WARN_OBJC_ROOT_CLASS = YES_ERROR;
				CLANG_WARN_QUOTED_INCLUDE_IN_FRAMEWORK_HEADER = YES;
				CLANG_WARN_RANGE_LOOP_ANALYSIS = YES;
				CLANG_WARN_STRICT_PROTOTYPES = YES;
				CLANG_WARN_SUSPICIOUS_MOVE = YES;
				CLANG_WARN_UNGUARDED_AVAILABILITY = YES_AGGRESSIVE;
				CLANG_WARN_UNREACHABLE_CODE = YES;
				CLANG_WARN__DUPLICATE_METHOD_MATCH = YES;
				COPY_PHASE_STRIP = NO;
				DEBUG_INFORMATION_FORMAT = "dwarf-with-dsym";
				ENABLE_NS_ASSERTIONS = NO;
				ENABLE_STRICT_OBJC_MSGSEND = YES;
				ENABLE_USER_SCRIPT_SANDBOXING = YES;
				GCC_C_LANGUAGE_STANDARD = gnu17;
				GCC_NO_COMMON_BLOCKS = YES;
				GCC_WARN_64_TO_32_BIT_CONVERSION = YES;
				GCC_WARN_ABOUT_RETURN_TYPE = YES_ERROR;
				GCC_WARN_UNDECLARED_SELECTOR = YES;
				GCC_WARN_UNINITIALIZED_AUTOS = YES_AGGRESSIVE;
				GCC_WARN_UNUSED_FUNCTION = YES;
				GCC_WARN_UNUSED_VARIABLE = YES;
				IPHONEOS_DEPLOYMENT_TARGET = 17.5;
				LOCALIZATION_PREFERS_STRING_CATALOGS = YES;
				MTL_ENABLE_DEBUG_INFO = NO;
				MTL_FAST_MATH = YES;
				SDKROOT = iphoneos;
				SWIFT_COMPILATION_MODE = wholemodule;
				VALIDATE_PRODUCT = YES;
			};
			name = Release;
		};
		925C7B222CCA480500A0B426 /* Debug */ = {
			isa = XCBuildConfiguration;
			buildSettings = {
				ASSETCATALOG_COMPILER_APPICON_NAME = AppIcon;
				ASSETCATALOG_COMPILER_GLOBAL_ACCENT_COLOR_NAME = AccentColor;
				CODE_SIGN_STYLE = Automatic;
				CURRENT_PROJECT_VERSION = 1;
				DEVELOPMENT_ASSET_PATHS = "\"RawEngSample/Preview Content\"";
				DEVELOPMENT_TEAM = 45KK7529RN;
				ENABLE_PREVIEWS = YES;
				GENERATE_INFOPLIST_FILE = YES;
				INFOPLIST_KEY_UIApplicationSceneManifest_Generation = YES;
				INFOPLIST_KEY_UIApplicationSupportsIndirectInputEvents = YES;
				INFOPLIST_KEY_UILaunchScreen_Generation = YES;
				INFOPLIST_KEY_UISupportedInterfaceOrientations_iPad = "UIInterfaceOrientationPortrait UIInterfaceOrientationPortraitUpsideDown UIInterfaceOrientationLandscapeLeft UIInterfaceOrientationLandscapeRight";
				INFOPLIST_KEY_UISupportedInterfaceOrientations_iPhone = "UIInterfaceOrientationPortrait UIInterfaceOrientationLandscapeLeft UIInterfaceOrientationLandscapeRight";
				LD_RUNPATH_SEARCH_PATHS = (
					"$(inherited)",
					"@executable_path/Frameworks",
				);
				MARKETING_VERSION = 1.0;
				PRODUCT_BUNDLE_IDENTIFIER = com.dot.RawEngSample;
				PRODUCT_NAME = "$(TARGET_NAME)";
				SUPPORTED_PLATFORMS = "iphoneos iphonesimulator";
				SUPPORTS_MACCATALYST = NO;
				SUPPORTS_MAC_DESIGNED_FOR_IPHONE_IPAD = NO;
				SUPPORTS_XR_DESIGNED_FOR_IPHONE_IPAD = NO;
				SWIFT_EMIT_LOC_STRINGS = YES;
				SWIFT_VERSION = 5.0;
				TARGETED_DEVICE_FAMILY = "1,2";
			};
			name = Debug;
		};
		925C7B232CCA480500A0B426 /* Release */ = {
			isa = XCBuildConfiguration;
			buildSettings = {
				ASSETCATALOG_COMPILER_APPICON_NAME = AppIcon;
				ASSETCATALOG_COMPILER_GLOBAL_ACCENT_COLOR_NAME = AccentColor;
				CODE_SIGN_STYLE = Automatic;
				CURRENT_PROJECT_VERSION = 1;
				DEVELOPMENT_ASSET_PATHS = "\"RawEngSample/Preview Content\"";
				DEVELOPMENT_TEAM = 45KK7529RN;
				ENABLE_PREVIEWS = YES;
				GENERATE_INFOPLIST_FILE = YES;
				INFOPLIST_KEY_UIApplicationSceneManifest_Generation = YES;
				INFOPLIST_KEY_UIApplicationSupportsIndirectInputEvents = YES;
				INFOPLIST_KEY_UILaunchScreen_Generation = YES;
				INFOPLIST_KEY_UISupportedInterfaceOrientations_iPad = "UIInterfaceOrientationPortrait UIInterfaceOrientationPortraitUpsideDown UIInterfaceOrientationLandscapeLeft UIInterfaceOrientationLandscapeRight";
				INFOPLIST_KEY_UISupportedInterfaceOrientations_iPhone = "UIInterfaceOrientationPortrait UIInterfaceOrientationLandscapeLeft UIInterfaceOrientationLandscapeRight";
				LD_RUNPATH_SEARCH_PATHS = (
					"$(inherited)",
					"@executable_path/Frameworks",
				);
				MARKETING_VERSION = 1.0;
				PRODUCT_BUNDLE_IDENTIFIER = com.dot.RawEngSample;
				PRODUCT_NAME = "$(TARGET_NAME)";
				SUPPORTED_PLATFORMS = "iphoneos iphonesimulator";
				SUPPORTS_MACCATALYST = NO;
				SUPPORTS_MAC_DESIGNED_FOR_IPHONE_IPAD = NO;
				SUPPORTS_XR_DESIGNED_FOR_IPHONE_IPAD = NO;
				SWIFT_EMIT_LOC_STRINGS = YES;
				SWIFT_VERSION = 5.0;
				TARGETED_DEVICE_FAMILY = "1,2";
			};
			name = Release;
		};
		925C7B252CCA480500A0B426 /* Debug */ = {
			isa = XCBuildConfiguration;
			buildSettings = {
				ALWAYS_EMBED_SWIFT_STANDARD_LIBRARIES = YES;
				BUNDLE_LOADER = "$(TEST_HOST)";
				CODE_SIGN_STYLE = Automatic;
				CURRENT_PROJECT_VERSION = 1;
				DEVELOPMENT_TEAM = 45KK7529RN;
				GENERATE_INFOPLIST_FILE = YES;
				IPHONEOS_DEPLOYMENT_TARGET = 17.5;
				MARKETING_VERSION = 1.0;
				PRODUCT_BUNDLE_IDENTIFIER = com.dot.RawEngSampleTests;
				PRODUCT_NAME = "$(TARGET_NAME)";
				SUPPORTED_PLATFORMS = "iphoneos iphonesimulator";
				SUPPORTS_MACCATALYST = NO;
				SUPPORTS_MAC_DESIGNED_FOR_IPHONE_IPAD = NO;
				SUPPORTS_XR_DESIGNED_FOR_IPHONE_IPAD = NO;
				SWIFT_EMIT_LOC_STRINGS = NO;
				SWIFT_VERSION = 5.0;
				TARGETED_DEVICE_FAMILY = "1,2";
				TEST_HOST = "$(BUILT_PRODUCTS_DIR)/RawEngSample.app/$(BUNDLE_EXECUTABLE_FOLDER_PATH)/RawEngSample";
			};
			name = Debug;
		};
		925C7B262CCA480500A0B426 /* Release */ = {
			isa = XCBuildConfiguration;
			buildSettings = {
				ALWAYS_EMBED_SWIFT_STANDARD_LIBRARIES = YES;
				BUNDLE_LOADER = "$(TEST_HOST)";
				CODE_SIGN_STYLE = Automatic;
				CURRENT_PROJECT_VERSION = 1;
				DEVELOPMENT_TEAM = 45KK7529RN;
				GENERATE_INFOPLIST_FILE = YES;
				IPHONEOS_DEPLOYMENT_TARGET = 17.5;
				MARKETING_VERSION = 1.0;
				PRODUCT_BUNDLE_IDENTIFIER = com.dot.RawEngSampleTests;
				PRODUCT_NAME = "$(TARGET_NAME)";
				SUPPORTED_PLATFORMS = "iphoneos iphonesimulator";
				SUPPORTS_MACCATALYST = NO;
				SUPPORTS_MAC_DESIGNED_FOR_IPHONE_IPAD = NO;
				SUPPORTS_XR_DESIGNED_FOR_IPHONE_IPAD = NO;
				SWIFT_EMIT_LOC_STRINGS = NO;
				SWIFT_VERSION = 5.0;
				TARGETED_DEVICE_FAMILY = "1,2";
				TEST_HOST = "$(BUILT_PRODUCTS_DIR)/RawEngSample.app/$(BUNDLE_EXECUTABLE_FOLDER_PATH)/RawEngSample";
			};
			name = Release;
		};
/* End XCBuildConfiguration section */

/* Begin XCConfigurationList section */
		920B4A442CD4C87200FE3236 /* Build configuration list for PBXNativeTarget "RawEngSampleUITests" */ = {
			isa = XCConfigurationList;
			buildConfigurations = (
				920B4A452CD4C87200FE3236 /* Debug */,
				920B4A462CD4C87200FE3236 /* Release */,
			);
			defaultConfigurationIsVisible = 0;
			defaultConfigurationName = Release;
		};
		925C7AF82CCA480200A0B426 /* Build configuration list for PBXProject "RawEngSample" */ = {
			isa = XCConfigurationList;
			buildConfigurations = (
				925C7B1F2CCA480500A0B426 /* Debug */,
				925C7B202CCA480500A0B426 /* Release */,
			);
			defaultConfigurationIsVisible = 0;
			defaultConfigurationName = Release;
		};
		925C7B212CCA480500A0B426 /* Build configuration list for PBXNativeTarget "RawEngSample" */ = {
			isa = XCConfigurationList;
			buildConfigurations = (
				925C7B222CCA480500A0B426 /* Debug */,
				925C7B232CCA480500A0B426 /* Release */,
			);
			defaultConfigurationIsVisible = 0;
			defaultConfigurationName = Release;
		};
		925C7B242CCA480500A0B426 /* Build configuration list for PBXNativeTarget "RawEngSampleTests" */ = {
			isa = XCConfigurationList;
			buildConfigurations = (
				925C7B252CCA480500A0B426 /* Debug */,
				925C7B262CCA480500A0B426 /* Release */,
			);
			defaultConfigurationIsVisible = 0;
			defaultConfigurationName = Release;
		};
/* End XCConfigurationList section */
	};
	rootObject = 925C7AF52CCA480200A0B426 /* Project object */;
}
